
Microsoft Visual Studio Solution File, Format Version 12.00
Project("{F2A71F9B-5D33-465A-A702-920D77279786}") = "Imput", "src\Imput\Imput.fsproj", "{5E3A670B-9470-4031-AE96-893E282683C0}"
EndProject
Project("{F2A71F9B-5D33-465A-A702-920D77279786}") = "Imput.InputListening", "src\Imput.InputListening\Imput.InputListening.fsproj", "{69135B5C-08A3-43A9-BED2-1A38F670B494}"
EndProject
Global
	GlobalSection(SolutionConfigurationPlatforms) = preSolution
		Debug|Any CPU = Debug|Any CPU
		Release|Any CPU = Release|Any CPU
	EndGlobalSection
	GlobalSection(ProjectConfigurationPlatforms) = postSolution
		{5E3A670B-9470-4031-AE96-893E282683C0}.Debug|Any CPU.ActiveCfg = Debug|Any CPU
		{5E3A670B-9470-4031-AE96-893E282683C0}.Debug|Any CPU.Build.0 = Debug|Any CPU
		{5E3A670B-9470-4031-AE96-893E282683C0}.Release|Any CPU.ActiveCfg = Release|Any CPU
		{5E3A670B-9470-4031-AE96-893E282683C0}.Release|Any CPU.Build.0 = Release|Any CPU
		{69135B5C-08A3-43A9-BED2-1A38F670B494}.Debug|Any CPU.ActiveCfg = Debug|Any CPU
		{69135B5C-08A3-43A9-BED2-1A38F670B494}.Debug|Any CPU.Build.0 = Debug|Any CPU
		{69135B5C-08A3-43A9-BED2-1A38F670B494}.Release|Any CPU.ActiveCfg = Release|Any CPU
		{69135B5C-08A3-43A9-BED2-1A38F670B494}.Release|Any CPU.Build.0 = Release|Any CPU
	EndGlobalSection
EndGlobal
